
Microsoft Visual Studio Solution File, Format Version 12.00
# Visual Studio Version 16
VisualStudioVersion = 16.0.31321.278
MinimumVisualStudioVersion = 10.0.40219.1
Project("{2150E333-8FDC-42A3-9474-1A3956D46DE8}") = "src", "src", "{A82C5796-9175-4056-851D-8C1059BA2C53}"
EndProject
Project("{2150E333-8FDC-42A3-9474-1A3956D46DE8}") = "tests", "tests", "{C38091B6-E4E0-4F85-A59F-BD15B6961A57}"
EndProject
Project("{2150E333-8FDC-42A3-9474-1A3956D46DE8}") = "docs", "docs", "{F7E74638-948F-4D12-B308-80F706322D6F}"
EndProject
Project("{2150E333-8FDC-42A3-9474-1A3956D46DE8}") = "back", "back", "{3F07C1DE-C6B0-4513-BFD3-FAE5E2FDD715}"
EndProject
Project("{2150E333-8FDC-42A3-9474-1A3956D46DE8}") = "front", "front", "{D70F5E62-12E0-4562-804D-5E394607F380}"
EndProject
Project("{2150E333-8FDC-42A3-9474-1A3956D46DE8}") = "docker", "docker", "{4884FC43-8308-4B41-84E2-D3CD7BB8121A}"
EndProject
Project("{9A19103F-16F7-4668-BE54-9A1E7A4F7556}") = "API", "src\back\VendingMachine.API\API.csproj", "{6437514B-167A-42A4-8964-6C6AED386572}"
EndProject
Project("{9A19103F-16F7-4668-BE54-9A1E7A4F7556}") = "Application", "src\back\VendingMachine.Application\Application.csproj", "{2D373C39-F115-4F3C-B3E7-444633072280}"
EndProject
Project("{9A19103F-16F7-4668-BE54-9A1E7A4F7556}") = "Domain", "src\back\VendingMachine.Domain\Domain.csproj", "{250D2316-C2F1-43A8-84D9-4ABE6D2EFC03}"
EndProject
Project("{9A19103F-16F7-4668-BE54-9A1E7A4F7556}") = "Infrastructure", "src\back\VendingMachine.Infrastructure\Infrastructure.csproj", "{AF8227A6-29EF-4934-8816-6D04DC23B68E}"
EndProject
Project("{2150E333-8FDC-42A3-9474-1A3956D46DE8}") = "back", "back", "{31D8A347-8FE7-4E11-B8C2-2CFFC32A91BB}"
EndProject
Project("{2150E333-8FDC-42A3-9474-1A3956D46DE8}") = "front", "front", "{E161BD6C-7FC4-4676-8FD3-7C14135FFC72}"
EndProject
Project("{9A19103F-16F7-4668-BE54-9A1E7A4F7556}") = "Presentation", "src\front\VendingMachine.Presentation\Presentation.csproj", "{BA404BB7-CBC0-4A09-A718-22E8ABBB1EC3}"
EndProject
Project("{E53339B2-1760-4266-BCC7-CA923CBCF16C}") = "docker-compose", "src\docker\front\docker-compose.dcproj", "{9227D668-7BE2-4259-BCF8-A3AD1B1EF9C0}"
EndProject
Global
	GlobalSection(SolutionConfigurationPlatforms) = preSolution
		Debug|Any CPU = Debug|Any CPU
		Release|Any CPU = Release|Any CPU
	EndGlobalSection
	GlobalSection(ProjectConfigurationPlatforms) = postSolution
		{6437514B-167A-42A4-8964-6C6AED386572}.Debug|Any CPU.ActiveCfg = Debug|Any CPU
		{6437514B-167A-42A4-8964-6C6AED386572}.Debug|Any CPU.Build.0 = Debug|Any CPU
		{6437514B-167A-42A4-8964-6C6AED386572}.Release|Any CPU.ActiveCfg = Release|Any CPU
		{6437514B-167A-42A4-8964-6C6AED386572}.Release|Any CPU.Build.0 = Release|Any CPU
		{2D373C39-F115-4F3C-B3E7-444633072280}.Debug|Any CPU.ActiveCfg = Debug|Any CPU
		{2D373C39-F115-4F3C-B3E7-444633072280}.Debug|Any CPU.Build.0 = Debug|Any CPU
		{2D373C39-F115-4F3C-B3E7-444633072280}.Release|Any CPU.ActiveCfg = Release|Any CPU
		{2D373C39-F115-4F3C-B3E7-444633072280}.Release|Any CPU.Build.0 = Release|Any CPU
		{250D2316-C2F1-43A8-84D9-4ABE6D2EFC03}.Debug|Any CPU.ActiveCfg = Debug|Any CPU
		{250D2316-C2F1-43A8-84D9-4ABE6D2EFC03}.Debug|Any CPU.Build.0 = Debug|Any CPU
		{250D2316-C2F1-43A8-84D9-4ABE6D2EFC03}.Release|Any CPU.ActiveCfg = Release|Any CPU
		{250D2316-C2F1-43A8-84D9-4ABE6D2EFC03}.Release|Any CPU.Build.0 = Release|Any CPU
		{AF8227A6-29EF-4934-8816-6D04DC23B68E}.Debug|Any CPU.ActiveCfg = Debug|Any CPU
		{AF8227A6-29EF-4934-8816-6D04DC23B68E}.Debug|Any CPU.Build.0 = Debug|Any CPU
		{AF8227A6-29EF-4934-8816-6D04DC23B68E}.Release|Any CPU.ActiveCfg = Release|Any CPU
		{AF8227A6-29EF-4934-8816-6D04DC23B68E}.Release|Any CPU.Build.0 = Release|Any CPU
		{BA404BB7-CBC0-4A09-A718-22E8ABBB1EC3}.Debug|Any CPU.ActiveCfg = Debug|Any CPU
		{BA404BB7-CBC0-4A09-A718-22E8ABBB1EC3}.Debug|Any CPU.Build.0 = Debug|Any CPU
		{BA404BB7-CBC0-4A09-A718-22E8ABBB1EC3}.Release|Any CPU.ActiveCfg = Release|Any CPU
		{BA404BB7-CBC0-4A09-A718-22E8ABBB1EC3}.Release|Any CPU.Build.0 = Release|Any CPU
		{9227D668-7BE2-4259-BCF8-A3AD1B1EF9C0}.Debug|Any CPU.ActiveCfg = Debug|Any CPU
		{9227D668-7BE2-4259-BCF8-A3AD1B1EF9C0}.Debug|Any CPU.Build.0 = Debug|Any CPU
		{9227D668-7BE2-4259-BCF8-A3AD1B1EF9C0}.Release|Any CPU.ActiveCfg = Release|Any CPU
		{9227D668-7BE2-4259-BCF8-A3AD1B1EF9C0}.Release|Any CPU.Build.0 = Release|Any CPU
	EndGlobalSection
	GlobalSection(SolutionProperties) = preSolution
		HideSolutionNode = FALSE
	EndGlobalSection
	GlobalSection(NestedProjects) = preSolution
		{3F07C1DE-C6B0-4513-BFD3-FAE5E2FDD715} = {A82C5796-9175-4056-851D-8C1059BA2C53}
		{D70F5E62-12E0-4562-804D-5E394607F380} = {A82C5796-9175-4056-851D-8C1059BA2C53}
		{4884FC43-8308-4B41-84E2-D3CD7BB8121A} = {A82C5796-9175-4056-851D-8C1059BA2C53}
		{6437514B-167A-42A4-8964-6C6AED386572} = {3F07C1DE-C6B0-4513-BFD3-FAE5E2FDD715}
		{2D373C39-F115-4F3C-B3E7-444633072280} = {3F07C1DE-C6B0-4513-BFD3-FAE5E2FDD715}
		{250D2316-C2F1-43A8-84D9-4ABE6D2EFC03} = {3F07C1DE-C6B0-4513-BFD3-FAE5E2FDD715}
		{AF8227A6-29EF-4934-8816-6D04DC23B68E} = {3F07C1DE-C6B0-4513-BFD3-FAE5E2FDD715}
		{31D8A347-8FE7-4E11-B8C2-2CFFC32A91BB} = {4884FC43-8308-4B41-84E2-D3CD7BB8121A}
		{E161BD6C-7FC4-4676-8FD3-7C14135FFC72} = {4884FC43-8308-4B41-84E2-D3CD7BB8121A}
		{BA404BB7-CBC0-4A09-A718-22E8ABBB1EC3} = {D70F5E62-12E0-4562-804D-5E394607F380}
		{9227D668-7BE2-4259-BCF8-A3AD1B1EF9C0} = {E161BD6C-7FC4-4676-8FD3-7C14135FFC72}
	EndGlobalSection
	GlobalSection(ExtensibilityGlobals) = postSolution
		SolutionGuid = {198D8935-8238-49AF-87B2-A6B176086D27}
	EndGlobalSection
EndGlobal
