
Microsoft Visual Studio Solution File, Format Version 12.00
# Visual Studio Version 16
VisualStudioVersion = 16.0.31321.278
MinimumVisualStudioVersion = 10.0.40219.1
Project("{2150E333-8FDC-42A3-9474-1A3956D46DE8}") = "src", "src", "{A82C5796-9175-4056-851D-8C1059BA2C53}"
EndProject
Project("{2150E333-8FDC-42A3-9474-1A3956D46DE8}") = "tests", "tests", "{C38091B6-E4E0-4F85-A59F-BD15B6961A57}"
EndProject
Project("{2150E333-8FDC-42A3-9474-1A3956D46DE8}") = "docs", "docs", "{F7E74638-948F-4D12-B308-80F706322D6F}"
EndProject
Project("{9A19103F-16F7-4668-BE54-9A1E7A4F7556}") = "Infrastructure", "src\VendingMachine.Infrastructure\Infrastructure.csproj", "{B3FDD2D6-FF25-4447-8737-D076A1E3A567}"
EndProject
Project("{9A19103F-16F7-4668-BE54-9A1E7A4F7556}") = "Domain", "src\VendingMachine.Domain\Domain.csproj", "{01D5ADF3-BCA3-4151-B87C-48C62080693B}"
EndProject
Project("{9A19103F-16F7-4668-BE54-9A1E7A4F7556}") = "Application", "src\VendingMachine.Application\Application.csproj", "{4D0582F7-B3E9-47F6-9338-EF9E4D31670F}"
EndProject
Project("{9A19103F-16F7-4668-BE54-9A1E7A4F7556}") = "Presentation", "src\VendingMachine.Presentation\Presentation.csproj", "{62ACAF47-317B-4F4D-9EA6-FE31AF7123E1}"
EndProject
Project("{E53339B2-1760-4266-BCC7-CA923CBCF16C}") = "docker-compose", "docker-compose.dcproj", "{B51F5CCF-399F-4B92-B123-3356DB793876}"
EndProject
Global
	GlobalSection(SolutionConfigurationPlatforms) = preSolution
		Debug|Any CPU = Debug|Any CPU
		Release|Any CPU = Release|Any CPU
	EndGlobalSection
	GlobalSection(ProjectConfigurationPlatforms) = postSolution
		{B3FDD2D6-FF25-4447-8737-D076A1E3A567}.Debug|Any CPU.ActiveCfg = Debug|Any CPU
		{B3FDD2D6-FF25-4447-8737-D076A1E3A567}.Debug|Any CPU.Build.0 = Debug|Any CPU
		{B3FDD2D6-FF25-4447-8737-D076A1E3A567}.Release|Any CPU.ActiveCfg = Release|Any CPU
		{B3FDD2D6-FF25-4447-8737-D076A1E3A567}.Release|Any CPU.Build.0 = Release|Any CPU
		{01D5ADF3-BCA3-4151-B87C-48C62080693B}.Debug|Any CPU.ActiveCfg = Debug|Any CPU
		{01D5ADF3-BCA3-4151-B87C-48C62080693B}.Debug|Any CPU.Build.0 = Debug|Any CPU
		{01D5ADF3-BCA3-4151-B87C-48C62080693B}.Release|Any CPU.ActiveCfg = Release|Any CPU
		{01D5ADF3-BCA3-4151-B87C-48C62080693B}.Release|Any CPU.Build.0 = Release|Any CPU
		{4D0582F7-B3E9-47F6-9338-EF9E4D31670F}.Debug|Any CPU.ActiveCfg = Debug|Any CPU
		{4D0582F7-B3E9-47F6-9338-EF9E4D31670F}.Debug|Any CPU.Build.0 = Debug|Any CPU
		{4D0582F7-B3E9-47F6-9338-EF9E4D31670F}.Release|Any CPU.ActiveCfg = Release|Any CPU
		{4D0582F7-B3E9-47F6-9338-EF9E4D31670F}.Release|Any CPU.Build.0 = Release|Any CPU
		{62ACAF47-317B-4F4D-9EA6-FE31AF7123E1}.Debug|Any CPU.ActiveCfg = Debug|Any CPU
		{62ACAF47-317B-4F4D-9EA6-FE31AF7123E1}.Debug|Any CPU.Build.0 = Debug|Any CPU
		{62ACAF47-317B-4F4D-9EA6-FE31AF7123E1}.Release|Any CPU.ActiveCfg = Release|Any CPU
		{62ACAF47-317B-4F4D-9EA6-FE31AF7123E1}.Release|Any CPU.Build.0 = Release|Any CPU
		{B51F5CCF-399F-4B92-B123-3356DB793876}.Debug|Any CPU.ActiveCfg = Debug|Any CPU
		{B51F5CCF-399F-4B92-B123-3356DB793876}.Debug|Any CPU.Build.0 = Debug|Any CPU
		{B51F5CCF-399F-4B92-B123-3356DB793876}.Release|Any CPU.ActiveCfg = Release|Any CPU
		{B51F5CCF-399F-4B92-B123-3356DB793876}.Release|Any CPU.Build.0 = Release|Any CPU
	EndGlobalSection
	GlobalSection(SolutionProperties) = preSolution
		HideSolutionNode = FALSE
	EndGlobalSection
	GlobalSection(NestedProjects) = preSolution
		{B3FDD2D6-FF25-4447-8737-D076A1E3A567} = {A82C5796-9175-4056-851D-8C1059BA2C53}
		{01D5ADF3-BCA3-4151-B87C-48C62080693B} = {A82C5796-9175-4056-851D-8C1059BA2C53}
		{4D0582F7-B3E9-47F6-9338-EF9E4D31670F} = {A82C5796-9175-4056-851D-8C1059BA2C53}
		{62ACAF47-317B-4F4D-9EA6-FE31AF7123E1} = {A82C5796-9175-4056-851D-8C1059BA2C53}
	EndGlobalSection
	GlobalSection(ExtensibilityGlobals) = postSolution
		SolutionGuid = {198D8935-8238-49AF-87B2-A6B176086D27}
	EndGlobalSection
EndGlobal
